
Microsoft Visual Studio Solution File, Format Version 12.00
# Visual Studio Version 17
VisualStudioVersion = 17.2.32519.379
MinimumVisualStudioVersion = 10.0.40219.1
Project("{FAE04EC0-301F-11D3-BF4B-00C04F79EFBC}") = "ce100-hw5-algo-lib-cs", "ce100-hw5-algo-lib-cs\ce100-hw5-algo-lib-cs.csproj", "{E54EF718-0FCC-4332-9EDB-A4D0A0E8B92C}"
EndProject
Project("{FAE04EC0-301F-11D3-BF4B-00C04F79EFBC}") = "ce100-hw5-algo-test-cs", "ce100-hw5-algo-test-cs\ce100-hw5-algo-test-cs.csproj", "{AE884257-0D7F-49B0-B7DF-3C1C1DB8F8B1}"
EndProject
Global
	GlobalSection(SolutionConfigurationPlatforms) = preSolution
		Debug|Any CPU = Debug|Any CPU
		Release|Any CPU = Release|Any CPU
	EndGlobalSection
	GlobalSection(ProjectConfigurationPlatforms) = postSolution
		{E54EF718-0FCC-4332-9EDB-A4D0A0E8B92C}.Debug|Any CPU.ActiveCfg = Debug|Any CPU
		{E54EF718-0FCC-4332-9EDB-A4D0A0E8B92C}.Debug|Any CPU.Build.0 = Debug|Any CPU
		{E54EF718-0FCC-4332-9EDB-A4D0A0E8B92C}.Release|Any CPU.ActiveCfg = Release|Any CPU
		{E54EF718-0FCC-4332-9EDB-A4D0A0E8B92C}.Release|Any CPU.Build.0 = Release|Any CPU
		{AE884257-0D7F-49B0-B7DF-3C1C1DB8F8B1}.Debug|Any CPU.ActiveCfg = Debug|Any CPU
		{AE884257-0D7F-49B0-B7DF-3C1C1DB8F8B1}.Debug|Any CPU.Build.0 = Debug|Any CPU
		{AE884257-0D7F-49B0-B7DF-3C1C1DB8F8B1}.Release|Any CPU.ActiveCfg = Release|Any CPU
		{AE884257-0D7F-49B0-B7DF-3C1C1DB8F8B1}.Release|Any CPU.Build.0 = Release|Any CPU
	EndGlobalSection
	GlobalSection(SolutionProperties) = preSolution
		HideSolutionNode = FALSE
	EndGlobalSection
	GlobalSection(ExtensibilityGlobals) = postSolution
		SolutionGuid = {649D60D2-B812-4F86-85AC-AEA3F8897A3B}
	EndGlobalSection
EndGlobal
